
Microsoft Visual Studio Solution File, Format Version 12.00
# Visual Studio 14
VisualStudioVersion = 14.0.24720.0
MinimumVisualStudioVersion = 10.0.40219.1
Project("{2150E333-8FDC-42A3-9474-1A3956D46DE8}") = "src", "src", "{D0381015-83EF-4668-9D5B-6D5213934A33}"
EndProject
Project("{2150E333-8FDC-42A3-9474-1A3956D46DE8}") = "Solution Items", "Solution Items", "{1558A74B-370E-47D0-86DB-69EEBC3366B7}"
	ProjectSection(SolutionItems) = preProject
		global.json = global.json
	EndProjectSection
EndProject
Project("{8BB2217D-0F2D-49D1-97BC-3654ED321F3B}") = "LaYumba.Functional", "src\LaYumba.Functional\LaYumba.Functional.xproj", "{1E4EA54E-13E4-4CDE-9889-143D860A4710}"
EndProject
Project("{8BB2217D-0F2D-49D1-97BC-3654ED321F3B}") = "LaYumba.Functional.Tests", "src\LaYumba.Functional.Tests\LaYumba.Functional.Tests.xproj", "{94153C49-8F99-4E6F-A156-ADEF35A2DF0A}"
EndProject
Project("{8BB2217D-0F2D-49D1-97BC-3654ED321F3B}") = "Boc", "src\Boc\Boc.xproj", "{B704B7BC-A235-471B-A9AB-CB38F6B9510B}"
EndProject
Project("{8BB2217D-0F2D-49D1-97BC-3654ED321F3B}") = "TestRunner", "src\TestRunner\TestRunner.xproj", "{137DB393-67E0-497D-B2F0-F52E4F5CA336}"
EndProject
Project("{8BB2217D-0F2D-49D1-97BC-3654ED321F3B}") = "Exercises", "src\Exercises\Exercises.xproj", "{120D88F4-B0F1-4153-A7BC-2097E2C057D7}"
EndProject
Project("{8BB2217D-0F2D-49D1-97BC-3654ED321F3B}") = "Examples", "src\Examples\Examples.xproj", "{42666268-E8D1-48C7-AA2A-9C32FB76C1F6}"
EndProject
Global
	GlobalSection(SolutionConfigurationPlatforms) = preSolution
		Debug|Any CPU = Debug|Any CPU
		Release|Any CPU = Release|Any CPU
	EndGlobalSection
	GlobalSection(ProjectConfigurationPlatforms) = postSolution
		{1E4EA54E-13E4-4CDE-9889-143D860A4710}.Debug|Any CPU.ActiveCfg = Debug|Any CPU
		{1E4EA54E-13E4-4CDE-9889-143D860A4710}.Debug|Any CPU.Build.0 = Debug|Any CPU
		{1E4EA54E-13E4-4CDE-9889-143D860A4710}.Release|Any CPU.ActiveCfg = Release|Any CPU
		{1E4EA54E-13E4-4CDE-9889-143D860A4710}.Release|Any CPU.Build.0 = Release|Any CPU
		{94153C49-8F99-4E6F-A156-ADEF35A2DF0A}.Debug|Any CPU.ActiveCfg = Debug|Any CPU
		{94153C49-8F99-4E6F-A156-ADEF35A2DF0A}.Debug|Any CPU.Build.0 = Debug|Any CPU
		{94153C49-8F99-4E6F-A156-ADEF35A2DF0A}.Release|Any CPU.ActiveCfg = Release|Any CPU
		{94153C49-8F99-4E6F-A156-ADEF35A2DF0A}.Release|Any CPU.Build.0 = Release|Any CPU
		{B704B7BC-A235-471B-A9AB-CB38F6B9510B}.Debug|Any CPU.ActiveCfg = Debug|Any CPU
		{B704B7BC-A235-471B-A9AB-CB38F6B9510B}.Debug|Any CPU.Build.0 = Debug|Any CPU
		{B704B7BC-A235-471B-A9AB-CB38F6B9510B}.Release|Any CPU.ActiveCfg = Release|Any CPU
		{B704B7BC-A235-471B-A9AB-CB38F6B9510B}.Release|Any CPU.Build.0 = Release|Any CPU
		{137DB393-67E0-497D-B2F0-F52E4F5CA336}.Debug|Any CPU.ActiveCfg = Debug|Any CPU
		{137DB393-67E0-497D-B2F0-F52E4F5CA336}.Debug|Any CPU.Build.0 = Debug|Any CPU
		{137DB393-67E0-497D-B2F0-F52E4F5CA336}.Release|Any CPU.ActiveCfg = Release|Any CPU
		{137DB393-67E0-497D-B2F0-F52E4F5CA336}.Release|Any CPU.Build.0 = Release|Any CPU
		{120D88F4-B0F1-4153-A7BC-2097E2C057D7}.Debug|Any CPU.ActiveCfg = Debug|Any CPU
		{120D88F4-B0F1-4153-A7BC-2097E2C057D7}.Debug|Any CPU.Build.0 = Debug|Any CPU
		{120D88F4-B0F1-4153-A7BC-2097E2C057D7}.Release|Any CPU.ActiveCfg = Release|Any CPU
		{120D88F4-B0F1-4153-A7BC-2097E2C057D7}.Release|Any CPU.Build.0 = Release|Any CPU
		{42666268-E8D1-48C7-AA2A-9C32FB76C1F6}.Debug|Any CPU.ActiveCfg = Debug|Any CPU
		{42666268-E8D1-48C7-AA2A-9C32FB76C1F6}.Debug|Any CPU.Build.0 = Debug|Any CPU
		{42666268-E8D1-48C7-AA2A-9C32FB76C1F6}.Release|Any CPU.ActiveCfg = Release|Any CPU
		{42666268-E8D1-48C7-AA2A-9C32FB76C1F6}.Release|Any CPU.Build.0 = Release|Any CPU
	EndGlobalSection
	GlobalSection(SolutionProperties) = preSolution
		HideSolutionNode = FALSE
	EndGlobalSection
	GlobalSection(NestedProjects) = preSolution
		{1E4EA54E-13E4-4CDE-9889-143D860A4710} = {D0381015-83EF-4668-9D5B-6D5213934A33}
		{94153C49-8F99-4E6F-A156-ADEF35A2DF0A} = {D0381015-83EF-4668-9D5B-6D5213934A33}
		{B704B7BC-A235-471B-A9AB-CB38F6B9510B} = {D0381015-83EF-4668-9D5B-6D5213934A33}
		{137DB393-67E0-497D-B2F0-F52E4F5CA336} = {D0381015-83EF-4668-9D5B-6D5213934A33}
		{120D88F4-B0F1-4153-A7BC-2097E2C057D7} = {D0381015-83EF-4668-9D5B-6D5213934A33}
		{42666268-E8D1-48C7-AA2A-9C32FB76C1F6} = {D0381015-83EF-4668-9D5B-6D5213934A33}
	EndGlobalSection
EndGlobal
