
Microsoft Visual Studio Solution File, Format Version 12.00
# Visual Studio 14
VisualStudioVersion = 14.0.25420.1
MinimumVisualStudioVersion = 10.0.40219.1
Project("{2150E333-8FDC-42A3-9474-1A3956D46DE8}") = "Solution Items", "Solution Items", "{1DFB80E7-E429-42CF-BD8F-FA1623AAF121}"
	ProjectSection(SolutionItems) = preProject
		global.json = global.json
		setupRepl.csx = setupRepl.csx
	EndProjectSection
EndProject
Project("{8BB2217D-0F2D-49D1-97BC-3654ED321F3B}") = "LaYumba.Functional", "LaYumba.Functional\LaYumba.Functional.xproj", "{47186EA7-3657-429B-8FF7-C1B7974868ED}"
EndProject
Project("{8BB2217D-0F2D-49D1-97BC-3654ED321F3B}") = "LaYumba.Functional.Tests", "LaYumba.Functional.Tests\LaYumba.Functional.Tests.xproj", "{594BACD9-54E2-403B-99A7-725A13B72BE8}"
EndProject
Project("{8BB2217D-0F2D-49D1-97BC-3654ED321F3B}") = "Exercises", "Exercises\Exercises.xproj", "{C21D2AA1-E2D0-44E9-978E-6BA2BE502224}"
EndProject
Project("{8BB2217D-0F2D-49D1-97BC-3654ED321F3B}") = "Examples", "Examples\Examples.xproj", "{877999ED-3917-4778-A535-4799B2B841D0}"
EndProject
Project("{8BB2217D-0F2D-49D1-97BC-3654ED321F3B}") = "LaYumba.Functional.Data", "LaYumba.Functional.Data\LaYumba.Functional.Data.xproj", "{539BB3DA-F698-46DE-A10C-9B63848DBA25}"
EndProject
Project("{8BB2217D-0F2D-49D1-97BC-3654ED321F3B}") = "Boc.Domain", "Boc.Domain\Boc.Domain.xproj", "{0F848531-F33A-47F9-8F3F-CF6EFF59DF8B}"
EndProject
Project("{2150E333-8FDC-42A3-9474-1A3956D46DE8}") = "fsCheck", "fsCheck", "{E2CC73F7-FA09-4AC7-B57C-F409E672B20B}"
EndProject
Project("{8BB2217D-0F2D-49D1-97BC-3654ED321F3B}") = "FsCheck", "fsCheck\FsCheck\FsCheck.xproj", "{2971EB5E-ACAC-4632-A778-001F9961CCF9}"
EndProject
Project("{8BB2217D-0F2D-49D1-97BC-3654ED321F3B}") = "FsCheck.Xunit", "fsCheck\FsCheck.Xunit\FsCheck.Xunit.xproj", "{B0E782AA-7652-4C93-BD84-064460F46259}"
EndProject
Global
	GlobalSection(SolutionConfigurationPlatforms) = preSolution
		Debug|Any CPU = Debug|Any CPU
		Release|Any CPU = Release|Any CPU
	EndGlobalSection
	GlobalSection(ProjectConfigurationPlatforms) = postSolution
		{47186EA7-3657-429B-8FF7-C1B7974868ED}.Debug|Any CPU.ActiveCfg = Debug|Any CPU
		{47186EA7-3657-429B-8FF7-C1B7974868ED}.Debug|Any CPU.Build.0 = Debug|Any CPU
		{47186EA7-3657-429B-8FF7-C1B7974868ED}.Release|Any CPU.ActiveCfg = Release|Any CPU
		{47186EA7-3657-429B-8FF7-C1B7974868ED}.Release|Any CPU.Build.0 = Release|Any CPU
		{594BACD9-54E2-403B-99A7-725A13B72BE8}.Debug|Any CPU.ActiveCfg = Debug|Any CPU
		{594BACD9-54E2-403B-99A7-725A13B72BE8}.Debug|Any CPU.Build.0 = Debug|Any CPU
		{594BACD9-54E2-403B-99A7-725A13B72BE8}.Release|Any CPU.ActiveCfg = Release|Any CPU
		{594BACD9-54E2-403B-99A7-725A13B72BE8}.Release|Any CPU.Build.0 = Release|Any CPU
		{C21D2AA1-E2D0-44E9-978E-6BA2BE502224}.Debug|Any CPU.ActiveCfg = Debug|Any CPU
		{C21D2AA1-E2D0-44E9-978E-6BA2BE502224}.Debug|Any CPU.Build.0 = Debug|Any CPU
		{C21D2AA1-E2D0-44E9-978E-6BA2BE502224}.Release|Any CPU.ActiveCfg = Release|Any CPU
		{C21D2AA1-E2D0-44E9-978E-6BA2BE502224}.Release|Any CPU.Build.0 = Release|Any CPU
		{877999ED-3917-4778-A535-4799B2B841D0}.Debug|Any CPU.ActiveCfg = Debug|Any CPU
		{877999ED-3917-4778-A535-4799B2B841D0}.Debug|Any CPU.Build.0 = Debug|Any CPU
		{877999ED-3917-4778-A535-4799B2B841D0}.Release|Any CPU.ActiveCfg = Release|Any CPU
		{877999ED-3917-4778-A535-4799B2B841D0}.Release|Any CPU.Build.0 = Release|Any CPU
		{539BB3DA-F698-46DE-A10C-9B63848DBA25}.Debug|Any CPU.ActiveCfg = Debug|Any CPU
		{539BB3DA-F698-46DE-A10C-9B63848DBA25}.Debug|Any CPU.Build.0 = Debug|Any CPU
		{539BB3DA-F698-46DE-A10C-9B63848DBA25}.Release|Any CPU.ActiveCfg = Release|Any CPU
		{539BB3DA-F698-46DE-A10C-9B63848DBA25}.Release|Any CPU.Build.0 = Release|Any CPU
		{0F848531-F33A-47F9-8F3F-CF6EFF59DF8B}.Debug|Any CPU.ActiveCfg = Debug|Any CPU
		{0F848531-F33A-47F9-8F3F-CF6EFF59DF8B}.Debug|Any CPU.Build.0 = Debug|Any CPU
		{0F848531-F33A-47F9-8F3F-CF6EFF59DF8B}.Release|Any CPU.ActiveCfg = Release|Any CPU
		{0F848531-F33A-47F9-8F3F-CF6EFF59DF8B}.Release|Any CPU.Build.0 = Release|Any CPU
		{2971EB5E-ACAC-4632-A778-001F9961CCF9}.Debug|Any CPU.ActiveCfg = Debug|Any CPU
		{2971EB5E-ACAC-4632-A778-001F9961CCF9}.Debug|Any CPU.Build.0 = Debug|Any CPU
		{2971EB5E-ACAC-4632-A778-001F9961CCF9}.Release|Any CPU.ActiveCfg = Release|Any CPU
		{2971EB5E-ACAC-4632-A778-001F9961CCF9}.Release|Any CPU.Build.0 = Release|Any CPU
		{B0E782AA-7652-4C93-BD84-064460F46259}.Debug|Any CPU.ActiveCfg = Debug|Any CPU
		{B0E782AA-7652-4C93-BD84-064460F46259}.Debug|Any CPU.Build.0 = Debug|Any CPU
		{B0E782AA-7652-4C93-BD84-064460F46259}.Release|Any CPU.ActiveCfg = Release|Any CPU
		{B0E782AA-7652-4C93-BD84-064460F46259}.Release|Any CPU.Build.0 = Release|Any CPU
	EndGlobalSection
	GlobalSection(SolutionProperties) = preSolution
		HideSolutionNode = FALSE
	EndGlobalSection
	GlobalSection(NestedProjects) = preSolution
		{2971EB5E-ACAC-4632-A778-001F9961CCF9} = {E2CC73F7-FA09-4AC7-B57C-F409E672B20B}
		{B0E782AA-7652-4C93-BD84-064460F46259} = {E2CC73F7-FA09-4AC7-B57C-F409E672B20B}
	EndGlobalSection
EndGlobal
